
Microsoft Visual Studio Solution File, Format Version 12.00
# Visual Studio Version 16
VisualStudioVersion = 16.0.29920.165
MinimumVisualStudioVersion = 10.0.40219.1
Project("{FAE04EC0-301F-11D3-BF4B-00C04F79EFBC}") = "GerenciamentoConsultoria", "GerenciamentoConsultoria\GerenciamentoConsultoria.csproj", "{B6E1C09B-3F4F-4860-8151-60B4EF00C4EC}"
EndProject
Project("{FAE04EC0-301F-11D3-BF4B-00C04F79EFBC}") = "GerenciamentoConsultoria.BLL", "GerenciamentoConsultoria.BLL\GerenciamentoConsultoria.BLL.csproj", "{C4193C8E-B2D3-4415-86FB-A06300C58395}"
EndProject
Project("{FAE04EC0-301F-11D3-BF4B-00C04F79EFBC}") = "GerenciamentoConsultoria.DAL", "GerenciamentoConsultoria.DAL\GerenciamentoConsultoria.DAL.csproj", "{6B49870B-E931-457F-98A4-F80A57D4B26D}"
EndProject
Global
	GlobalSection(SolutionConfigurationPlatforms) = preSolution
		Debug|Any CPU = Debug|Any CPU
		Release|Any CPU = Release|Any CPU
	EndGlobalSection
	GlobalSection(ProjectConfigurationPlatforms) = postSolution
		{B6E1C09B-3F4F-4860-8151-60B4EF00C4EC}.Debug|Any CPU.ActiveCfg = Debug|Any CPU
		{B6E1C09B-3F4F-4860-8151-60B4EF00C4EC}.Debug|Any CPU.Build.0 = Debug|Any CPU
		{B6E1C09B-3F4F-4860-8151-60B4EF00C4EC}.Release|Any CPU.ActiveCfg = Release|Any CPU
		{B6E1C09B-3F4F-4860-8151-60B4EF00C4EC}.Release|Any CPU.Build.0 = Release|Any CPU
		{C4193C8E-B2D3-4415-86FB-A06300C58395}.Debug|Any CPU.ActiveCfg = Debug|Any CPU
		{C4193C8E-B2D3-4415-86FB-A06300C58395}.Debug|Any CPU.Build.0 = Debug|Any CPU
		{C4193C8E-B2D3-4415-86FB-A06300C58395}.Release|Any CPU.ActiveCfg = Release|Any CPU
		{C4193C8E-B2D3-4415-86FB-A06300C58395}.Release|Any CPU.Build.0 = Release|Any CPU
		{6B49870B-E931-457F-98A4-F80A57D4B26D}.Debug|Any CPU.ActiveCfg = Debug|Any CPU
		{6B49870B-E931-457F-98A4-F80A57D4B26D}.Debug|Any CPU.Build.0 = Debug|Any CPU
		{6B49870B-E931-457F-98A4-F80A57D4B26D}.Release|Any CPU.ActiveCfg = Release|Any CPU
		{6B49870B-E931-457F-98A4-F80A57D4B26D}.Release|Any CPU.Build.0 = Release|Any CPU
	EndGlobalSection
	GlobalSection(SolutionProperties) = preSolution
		HideSolutionNode = FALSE
	EndGlobalSection
	GlobalSection(ExtensibilityGlobals) = postSolution
		SolutionGuid = {02A520B6-3F8E-4920-A54D-8AD3AF514F03}
	EndGlobalSection
EndGlobal
